
Microsoft Visual Studio Solution File, Format Version 12.00
# Visual Studio 14
VisualStudioVersion = 14.0.25420.1
MinimumVisualStudioVersion = 10.0.40219.1
Project("{2150E333-8FDC-42A3-9474-1A3956D46DE8}") = "Service", "Service", "{7FACD905-2A64-4FA0-AF45-A5C91B604B80}"
EndProject
Project("{FAE04EC0-301F-11D3-BF4B-00C04F79EFBC}") = "skedVideo.Server", "service\skedVideo.Server\skedVideo.Server.csproj", "{1EB271E7-FFFE-4F10-9C4F-DA7B9AF52782}"
EndProject
Project("{FAE04EC0-301F-11D3-BF4B-00C04F79EFBC}") = "skedVideo.Bl", "service\skedVideo.BL\skedVideo.Bl.csproj", "{7FB4D757-933D-460E-AEC1-FB92446E3FC3}"
EndProject
Project("{FAE04EC0-301F-11D3-BF4B-00C04F79EFBC}") = "skedVideo.Net", "service\skedVideo.Net\skedVideo.Net.csproj", "{48B8995E-C854-4722-8DBE-C68B8EBCB715}"
EndProject
Project("{FAE04EC0-301F-11D3-BF4B-00C04F79EFBC}") = "skedVideo.Dal", "service\skedVideo.Dal\skedVideo.Dal.csproj", "{9D015B01-52D4-4A98-BCB9-9C0407AC3F8F}"
EndProject
Project("{FAE04EC0-301F-11D3-BF4B-00C04F79EFBC}") = "skedVideo.tray", "skedVideo.tray\skedVideo.tray.csproj", "{687CBD58-7BF7-4BDA-BDA9-E93DEE9AB6CF}"
EndProject
Project("{FAE04EC0-301F-11D3-BF4B-00C04F79EFBC}") = "skedVideo.Common", "skedVideo.Common\skedVideo.Common.csproj", "{55F62BB4-BF7C-4867-AA7E-2038B6D6430D}"
EndProject
Project("{FAE04EC0-301F-11D3-BF4B-00C04F79EFBC}") = "skedVideo.updater", "skedVideo.updater\skedVideo.updater.csproj", "{8F27F999-20B1-45C7-AEAE-AB0641E7B019}"
EndProject
Global
	GlobalSection(SolutionConfigurationPlatforms) = preSolution
		Debug|Any CPU = Debug|Any CPU
		Release|Any CPU = Release|Any CPU
	EndGlobalSection
	GlobalSection(ProjectConfigurationPlatforms) = postSolution
		{1EB271E7-FFFE-4F10-9C4F-DA7B9AF52782}.Debug|Any CPU.ActiveCfg = Debug|Any CPU
		{1EB271E7-FFFE-4F10-9C4F-DA7B9AF52782}.Debug|Any CPU.Build.0 = Debug|Any CPU
		{1EB271E7-FFFE-4F10-9C4F-DA7B9AF52782}.Release|Any CPU.ActiveCfg = Release|Any CPU
		{1EB271E7-FFFE-4F10-9C4F-DA7B9AF52782}.Release|Any CPU.Build.0 = Release|Any CPU
		{7FB4D757-933D-460E-AEC1-FB92446E3FC3}.Debug|Any CPU.ActiveCfg = Debug|Any CPU
		{7FB4D757-933D-460E-AEC1-FB92446E3FC3}.Debug|Any CPU.Build.0 = Debug|Any CPU
		{7FB4D757-933D-460E-AEC1-FB92446E3FC3}.Release|Any CPU.ActiveCfg = Release|Any CPU
		{7FB4D757-933D-460E-AEC1-FB92446E3FC3}.Release|Any CPU.Build.0 = Release|Any CPU
		{48B8995E-C854-4722-8DBE-C68B8EBCB715}.Debug|Any CPU.ActiveCfg = Debug|Any CPU
		{48B8995E-C854-4722-8DBE-C68B8EBCB715}.Debug|Any CPU.Build.0 = Debug|Any CPU
		{48B8995E-C854-4722-8DBE-C68B8EBCB715}.Release|Any CPU.ActiveCfg = Release|Any CPU
		{48B8995E-C854-4722-8DBE-C68B8EBCB715}.Release|Any CPU.Build.0 = Release|Any CPU
		{9D015B01-52D4-4A98-BCB9-9C0407AC3F8F}.Debug|Any CPU.ActiveCfg = Debug|Any CPU
		{9D015B01-52D4-4A98-BCB9-9C0407AC3F8F}.Debug|Any CPU.Build.0 = Debug|Any CPU
		{9D015B01-52D4-4A98-BCB9-9C0407AC3F8F}.Release|Any CPU.ActiveCfg = Release|Any CPU
		{9D015B01-52D4-4A98-BCB9-9C0407AC3F8F}.Release|Any CPU.Build.0 = Release|Any CPU
		{687CBD58-7BF7-4BDA-BDA9-E93DEE9AB6CF}.Debug|Any CPU.ActiveCfg = Debug|Any CPU
		{687CBD58-7BF7-4BDA-BDA9-E93DEE9AB6CF}.Debug|Any CPU.Build.0 = Debug|Any CPU
		{687CBD58-7BF7-4BDA-BDA9-E93DEE9AB6CF}.Release|Any CPU.ActiveCfg = Release|Any CPU
		{687CBD58-7BF7-4BDA-BDA9-E93DEE9AB6CF}.Release|Any CPU.Build.0 = Release|Any CPU
		{55F62BB4-BF7C-4867-AA7E-2038B6D6430D}.Debug|Any CPU.ActiveCfg = Debug|Any CPU
		{55F62BB4-BF7C-4867-AA7E-2038B6D6430D}.Debug|Any CPU.Build.0 = Debug|Any CPU
		{55F62BB4-BF7C-4867-AA7E-2038B6D6430D}.Release|Any CPU.ActiveCfg = Release|Any CPU
		{55F62BB4-BF7C-4867-AA7E-2038B6D6430D}.Release|Any CPU.Build.0 = Release|Any CPU
		{8F27F999-20B1-45C7-AEAE-AB0641E7B019}.Debug|Any CPU.ActiveCfg = Debug|Any CPU
		{8F27F999-20B1-45C7-AEAE-AB0641E7B019}.Debug|Any CPU.Build.0 = Debug|Any CPU
		{8F27F999-20B1-45C7-AEAE-AB0641E7B019}.Release|Any CPU.ActiveCfg = Release|Any CPU
		{8F27F999-20B1-45C7-AEAE-AB0641E7B019}.Release|Any CPU.Build.0 = Release|Any CPU
	EndGlobalSection
	GlobalSection(SolutionProperties) = preSolution
		HideSolutionNode = FALSE
	EndGlobalSection
	GlobalSection(NestedProjects) = preSolution
		{1EB271E7-FFFE-4F10-9C4F-DA7B9AF52782} = {7FACD905-2A64-4FA0-AF45-A5C91B604B80}
		{7FB4D757-933D-460E-AEC1-FB92446E3FC3} = {7FACD905-2A64-4FA0-AF45-A5C91B604B80}
		{48B8995E-C854-4722-8DBE-C68B8EBCB715} = {7FACD905-2A64-4FA0-AF45-A5C91B604B80}
		{9D015B01-52D4-4A98-BCB9-9C0407AC3F8F} = {7FACD905-2A64-4FA0-AF45-A5C91B604B80}
	EndGlobalSection
EndGlobal
